// !$*UTF8*$!
{
	archiveVersion = 1;
	classes = {
	};
	objectVersion = 70;
	objects = {

/* Begin PBXBuildFile section */
		58446A282A59493C001CC9D1 /* SettingsView.swift in Sources */ = {isa = PBXBuildFile; fileRef = 58446A272A59493C001CC9D1 /* SettingsView.swift */; };
		589D5F472A433E8C00DB3CCF /* ProductList.plist in Resources */ = {isa = PBXBuildFile; fileRef = 589D5F462A433E8C00DB3CCF /* ProductList.plist */; };
		589D5F492A433EFD00DB3CCF /* StoreKitManager.swift in Sources */ = {isa = PBXBuildFile; fileRef = 589D5F482A433EFD00DB3CCF /* StoreKitManager.swift */; };
		58B127DD2A3D3673004040EA /* ClosedDayCalendarView.swift in Sources */ = {isa = PBXBuildFile; fileRef = 58B127DC2A3D3673004040EA /* ClosedDayCalendarView.swift */; };
		58B693D02A3B56E800FF904B /* DontGoMartApp.swift in Sources */ = {isa = PBXBuildFile; fileRef = 58B693CF2A3B56E800FF904B /* DontGoMartApp.swift */; };
		58B693D22A3B56E800FF904B /* ClosedDaysView.swift in Sources */ = {isa = PBXBuildFile; fileRef = 58B693D12A3B56E800FF904B /* ClosedDaysView.swift */; };
		58B693D42A3B56E900FF904B /* Assets.xcassets in Resources */ = {isa = PBXBuildFile; fileRef = 58B693D32A3B56E900FF904B /* Assets.xcassets */; };
		58B693D72A3B56E900FF904B /* Preview Assets.xcassets in Resources */ = {isa = PBXBuildFile; fileRef = 58B693D62A3B56E900FF904B /* Preview Assets.xcassets */; };
		58B693E42A3B59EE00FF904B /* WidgetKit.framework in Frameworks */ = {isa = PBXBuildFile; fileRef = 58B693E32A3B59EE00FF904B /* WidgetKit.framework */; };
		58B693E62A3B59EE00FF904B /* SwiftUI.framework in Frameworks */ = {isa = PBXBuildFile; fileRef = 58B693E52A3B59EE00FF904B /* SwiftUI.framework */; };
		58B693E92A3B59EE00FF904B /* CalendarWidgetBundle.swift in Sources */ = {isa = PBXBuildFile; fileRef = 58B693E82A3B59EE00FF904B /* CalendarWidgetBundle.swift */; };
		58B693EB2A3B59EE00FF904B /* CalendarWidgetLiveActivity.swift in Sources */ = {isa = PBXBuildFile; fileRef = 58B693EA2A3B59EE00FF904B /* CalendarWidgetLiveActivity.swift */; };
		58B693ED2A3B59EE00FF904B /* CalendarWidget.swift in Sources */ = {isa = PBXBuildFile; fileRef = 58B693EC2A3B59EE00FF904B /* CalendarWidget.swift */; };
		58B693F02A3B59EF00FF904B /* Assets.xcassets in Resources */ = {isa = PBXBuildFile; fileRef = 58B693EF2A3B59EF00FF904B /* Assets.xcassets */; };
		58B693F22A3B59EF00FF904B /* CalendarWidget.intentdefinition in Sources */ = {isa = PBXBuildFile; fileRef = 58B693EE2A3B59EE00FF904B /* CalendarWidget.intentdefinition */; };
		58B693F32A3B59EF00FF904B /* CalendarWidget.intentdefinition in Sources */ = {isa = PBXBuildFile; fileRef = 58B693EE2A3B59EE00FF904B /* CalendarWidget.intentdefinition */; };
		58B693F62A3B59EF00FF904B /* CalendarWidgetExtension.appex in Embed Foundation Extensions */ = {isa = PBXBuildFile; fileRef = 58B693E12A3B59EE00FF904B /* CalendarWidgetExtension.appex */; settings = {ATTRIBUTES = (RemoveHeadersOnCopy, ); }; };
		58B693FD2A3B66AB00FF904B /* MonthConfig.swift in Sources */ = {isa = PBXBuildFile; fileRef = 58B693FB2A3B654A00FF904B /* MonthConfig.swift */; };
		58D40AD12CDF81A5008C6458 /* Date+Ext.swift in Sources */ = {isa = PBXBuildFile; fileRef = 58D40AD02CDF81A2008C6458 /* Date+Ext.swift */; };
		58D40AD32CDF8E15008C6458 /* MartClosedData.swift in Sources */ = {isa = PBXBuildFile; fileRef = 58D40AD22CDF8E15008C6458 /* MartClosedData.swift */; };
		58D40AD52CDF8E68008C6458 /* DateValue.swift in Sources */ = {isa = PBXBuildFile; fileRef = 58D40AD42CDF8E68008C6458 /* DateValue.swift */; };
		58D40AD72CDF9138008C6458 /* Calendar+Ext.swift in Sources */ = {isa = PBXBuildFile; fileRef = 58D40AD62CDF9130008C6458 /* Calendar+Ext.swift */; };
		58D40ADA2CDF9C92008C6458 /* Calendar+Ext.swift in Sources */ = {isa = PBXBuildFile; fileRef = 58D40AD62CDF9130008C6458 /* Calendar+Ext.swift */; };
		C3C2F8E82CEB18CE003ED9A5 /* MartModel.swift in Sources */ = {isa = PBXBuildFile; fileRef = C3C2F8E72CEB18CE003ED9A5 /* MartModel.swift */; };
		C3C2F8E92CEB18CE003ED9A5 /* MartModel.swift in Sources */ = {isa = PBXBuildFile; fileRef = C3C2F8E72CEB18CE003ED9A5 /* MartModel.swift */; };
/* End PBXBuildFile section */

/* Begin PBXContainerItemProxy section */
		58B693F42A3B59EF00FF904B /* PBXContainerItemProxy */ = {
			isa = PBXContainerItemProxy;
			containerPortal = 58B693C42A3B56E800FF904B /* Project object */;
			proxyType = 1;
			remoteGlobalIDString = 58B693E02A3B59EE00FF904B;
			remoteInfo = CalendarWidgetExtension;
		};
		C3C2F8F22CEB4952003ED9A5 /* PBXContainerItemProxy */ = {
			isa = PBXContainerItemProxy;
			containerPortal = 58B693C42A3B56E800FF904B /* Project object */;
			proxyType = 1;
			remoteGlobalIDString = 58B693CB2A3B56E800FF904B;
			remoteInfo = DontGoMart;
		};
/* End PBXContainerItemProxy section */

/* Begin PBXCopyFilesBuildPhase section */
		58B693FA2A3B59EF00FF904B /* Embed Foundation Extensions */ = {
			isa = PBXCopyFilesBuildPhase;
			buildActionMask = 2147483647;
			dstPath = "";
			dstSubfolderSpec = 13;
			files = (
				58B693F62A3B59EF00FF904B /* CalendarWidgetExtension.appex in Embed Foundation Extensions */,
			);
			name = "Embed Foundation Extensions";
			runOnlyForDeploymentPostprocessing = 0;
		};
/* End PBXCopyFilesBuildPhase section */

/* Begin PBXFileReference section */
		58446A272A59493C001CC9D1 /* SettingsView.swift */ = {isa = PBXFileReference; lastKnownFileType = sourcecode.swift; path = SettingsView.swift; sourceTree = "<group>"; };
		58446A292A59BD5C001CC9D1 /* CalendarWidgetExtension.entitlements */ = {isa = PBXFileReference; lastKnownFileType = text.plist.entitlements; path = CalendarWidgetExtension.entitlements; sourceTree = "<group>"; };
		589D5F452A433D7000DB3CCF /* CoffeeConfiguration.storekit */ = {isa = PBXFileReference; lastKnownFileType = text; path = CoffeeConfiguration.storekit; sourceTree = "<group>"; };
		589D5F462A433E8C00DB3CCF /* ProductList.plist */ = {isa = PBXFileReference; lastKnownFileType = text.plist.xml; path = ProductList.plist; sourceTree = "<group>"; };
		589D5F482A433EFD00DB3CCF /* StoreKitManager.swift */ = {isa = PBXFileReference; lastKnownFileType = sourcecode.swift; path = StoreKitManager.swift; sourceTree = "<group>"; };
		589D5F4A2A43443C00DB3CCF /* DontGoMart.entitlements */ = {isa = PBXFileReference; lastKnownFileType = text.plist.entitlements; path = DontGoMart.entitlements; sourceTree = "<group>"; };
		58B127DC2A3D3673004040EA /* ClosedDayCalendarView.swift */ = {isa = PBXFileReference; lastKnownFileType = sourcecode.swift; path = ClosedDayCalendarView.swift; sourceTree = "<group>"; };
		58B693CC2A3B56E800FF904B /* DontGoMart.app */ = {isa = PBXFileReference; explicitFileType = wrapper.application; includeInIndex = 0; path = DontGoMart.app; sourceTree = BUILT_PRODUCTS_DIR; };
		58B693CF2A3B56E800FF904B /* DontGoMartApp.swift */ = {isa = PBXFileReference; lastKnownFileType = sourcecode.swift; path = DontGoMartApp.swift; sourceTree = "<group>"; };
		58B693D12A3B56E800FF904B /* ClosedDaysView.swift */ = {isa = PBXFileReference; lastKnownFileType = sourcecode.swift; path = ClosedDaysView.swift; sourceTree = "<group>"; };
		58B693D32A3B56E900FF904B /* Assets.xcassets */ = {isa = PBXFileReference; lastKnownFileType = folder.assetcatalog; path = Assets.xcassets; sourceTree = "<group>"; };
		58B693D62A3B56E900FF904B /* Preview Assets.xcassets */ = {isa = PBXFileReference; lastKnownFileType = folder.assetcatalog; path = "Preview Assets.xcassets"; sourceTree = "<group>"; };
		58B693E12A3B59EE00FF904B /* CalendarWidgetExtension.appex */ = {isa = PBXFileReference; explicitFileType = "wrapper.app-extension"; includeInIndex = 0; path = CalendarWidgetExtension.appex; sourceTree = BUILT_PRODUCTS_DIR; };
		58B693E32A3B59EE00FF904B /* WidgetKit.framework */ = {isa = PBXFileReference; lastKnownFileType = wrapper.framework; name = WidgetKit.framework; path = System/Library/Frameworks/WidgetKit.framework; sourceTree = SDKROOT; };
		58B693E52A3B59EE00FF904B /* SwiftUI.framework */ = {isa = PBXFileReference; lastKnownFileType = wrapper.framework; name = SwiftUI.framework; path = System/Library/Frameworks/SwiftUI.framework; sourceTree = SDKROOT; };
		58B693E82A3B59EE00FF904B /* CalendarWidgetBundle.swift */ = {isa = PBXFileReference; lastKnownFileType = sourcecode.swift; path = CalendarWidgetBundle.swift; sourceTree = "<group>"; };
		58B693EA2A3B59EE00FF904B /* CalendarWidgetLiveActivity.swift */ = {isa = PBXFileReference; lastKnownFileType = sourcecode.swift; path = CalendarWidgetLiveActivity.swift; sourceTree = "<group>"; };
		58B693EC2A3B59EE00FF904B /* CalendarWidget.swift */ = {isa = PBXFileReference; lastKnownFileType = sourcecode.swift; path = CalendarWidget.swift; sourceTree = "<group>"; };
		58B693EE2A3B59EE00FF904B /* CalendarWidget.intentdefinition */ = {isa = PBXFileReference; lastKnownFileType = file.intentdefinition; path = CalendarWidget.intentdefinition; sourceTree = "<group>"; };
		58B693EF2A3B59EF00FF904B /* Assets.xcassets */ = {isa = PBXFileReference; lastKnownFileType = folder.assetcatalog; path = Assets.xcassets; sourceTree = "<group>"; };
		58B693F12A3B59EF00FF904B /* Info.plist */ = {isa = PBXFileReference; lastKnownFileType = text.plist.xml; path = Info.plist; sourceTree = "<group>"; };
		58B693FB2A3B654A00FF904B /* MonthConfig.swift */ = {isa = PBXFileReference; lastKnownFileType = sourcecode.swift; path = MonthConfig.swift; sourceTree = "<group>"; };
		58D40AD02CDF81A2008C6458 /* Date+Ext.swift */ = {isa = PBXFileReference; lastKnownFileType = sourcecode.swift; path = "Date+Ext.swift"; sourceTree = "<group>"; };
		58D40AD22CDF8E15008C6458 /* MartClosedData.swift */ = {isa = PBXFileReference; lastKnownFileType = sourcecode.swift; path = MartClosedData.swift; sourceTree = "<group>"; };
		58D40AD42CDF8E68008C6458 /* DateValue.swift */ = {isa = PBXFileReference; lastKnownFileType = sourcecode.swift; path = DateValue.swift; sourceTree = "<group>"; };
		58D40AD62CDF9130008C6458 /* Calendar+Ext.swift */ = {isa = PBXFileReference; lastKnownFileType = sourcecode.swift; path = "Calendar+Ext.swift"; sourceTree = "<group>"; };
		C3C2F8E72CEB18CE003ED9A5 /* MartModel.swift */ = {isa = PBXFileReference; lastKnownFileType = sourcecode.swift; path = MartModel.swift; sourceTree = "<group>"; };
		C3C2F8EE2CEB4952003ED9A5 /* DontGoMartTests.xctest */ = {isa = PBXFileReference; explicitFileType = wrapper.cfbundle; includeInIndex = 0; path = DontGoMartTests.xctest; sourceTree = BUILT_PRODUCTS_DIR; };
/* End PBXFileReference section */

/* Begin PBXFileSystemSynchronizedRootGroup section */
		C3C2F8EF2CEB4952003ED9A5 /* DontGoMartTests */ = {isa = PBXFileSystemSynchronizedRootGroup; explicitFileTypes = {}; explicitFolders = (); path = DontGoMartTests; sourceTree = "<group>"; };
/* End PBXFileSystemSynchronizedRootGroup section */

/* Begin PBXFrameworksBuildPhase section */
		58B693C92A3B56E800FF904B /* Frameworks */ = {
			isa = PBXFrameworksBuildPhase;
			buildActionMask = 2147483647;
			files = (
			);
			runOnlyForDeploymentPostprocessing = 0;
		};
		58B693DE2A3B59EE00FF904B /* Frameworks */ = {
			isa = PBXFrameworksBuildPhase;
			buildActionMask = 2147483647;
			files = (
				58B693E62A3B59EE00FF904B /* SwiftUI.framework in Frameworks */,
				58B693E42A3B59EE00FF904B /* WidgetKit.framework in Frameworks */,
			);
			runOnlyForDeploymentPostprocessing = 0;
		};
		C3C2F8EB2CEB4952003ED9A5 /* Frameworks */ = {
			isa = PBXFrameworksBuildPhase;
			buildActionMask = 2147483647;
			files = (
			);
			runOnlyForDeploymentPostprocessing = 0;
		};
/* End PBXFrameworksBuildPhase section */

/* Begin PBXGroup section */
		58446A242A5938F0001CC9D1 /* Manager */ = {
			isa = PBXGroup;
			children = (
				589D5F482A433EFD00DB3CCF /* StoreKitManager.swift */,
			);
			path = Manager;
			sourceTree = "<group>";
		};
		58446A252A59390C001CC9D1 /* Screen */ = {
			isa = PBXGroup;
			children = (
				58B693D12A3B56E800FF904B /* ClosedDaysView.swift */,
				58446A272A59493C001CC9D1 /* SettingsView.swift */,
			);
			path = Screen;
			sourceTree = "<group>";
		};
		58446A262A593924001CC9D1 /* Model */ = {
			isa = PBXGroup;
			children = (
				58B127DC2A3D3673004040EA /* ClosedDayCalendarView.swift */,
				C3C2F8E72CEB18CE003ED9A5 /* MartModel.swift */,
				58D40AD22CDF8E15008C6458 /* MartClosedData.swift */,
				58D40AD42CDF8E68008C6458 /* DateValue.swift */,
			);
			path = Model;
			sourceTree = "<group>";
		};
		58B693C32A3B56E800FF904B = {
			isa = PBXGroup;
			children = (
				58446A292A59BD5C001CC9D1 /* CalendarWidgetExtension.entitlements */,
				58B693CE2A3B56E800FF904B /* DontGoMart */,
				58B693E72A3B59EE00FF904B /* CalendarWidget */,
				C3C2F8EF2CEB4952003ED9A5 /* DontGoMartTests */,
				58B693E22A3B59EE00FF904B /* Frameworks */,
				58B693CD2A3B56E800FF904B /* Products */,
			);
			sourceTree = "<group>";
		};
		58B693CD2A3B56E800FF904B /* Products */ = {
			isa = PBXGroup;
			children = (
				58B693CC2A3B56E800FF904B /* DontGoMart.app */,
				58B693E12A3B59EE00FF904B /* CalendarWidgetExtension.appex */,
				C3C2F8EE2CEB4952003ED9A5 /* DontGoMartTests.xctest */,
			);
			name = Products;
			sourceTree = "<group>";
		};
		58B693CE2A3B56E800FF904B /* DontGoMart */ = {
			isa = PBXGroup;
			children = (
				58B693CF2A3B56E800FF904B /* DontGoMartApp.swift */,
				58D40ACF2CDF818B008C6458 /* Utilities */,
				58446A262A593924001CC9D1 /* Model */,
				58446A252A59390C001CC9D1 /* Screen */,
				58446A242A5938F0001CC9D1 /* Manager */,
				589D5F4A2A43443C00DB3CCF /* DontGoMart.entitlements */,
				589D5F452A433D7000DB3CCF /* CoffeeConfiguration.storekit */,
				589D5F462A433E8C00DB3CCF /* ProductList.plist */,
				58B693D32A3B56E900FF904B /* Assets.xcassets */,
				58B693D52A3B56E900FF904B /* Preview Content */,
			);
			path = DontGoMart;
			sourceTree = "<group>";
		};
		58B693D52A3B56E900FF904B /* Preview Content */ = {
			isa = PBXGroup;
			children = (
				58B693D62A3B56E900FF904B /* Preview Assets.xcassets */,
			);
			path = "Preview Content";
			sourceTree = "<group>";
		};
		58B693E22A3B59EE00FF904B /* Frameworks */ = {
			isa = PBXGroup;
			children = (
				58B693E32A3B59EE00FF904B /* WidgetKit.framework */,
				58B693E52A3B59EE00FF904B /* SwiftUI.framework */,
			);
			name = Frameworks;
			sourceTree = "<group>";
		};
		58B693E72A3B59EE00FF904B /* CalendarWidget */ = {
			isa = PBXGroup;
			children = (
				58B693E82A3B59EE00FF904B /* CalendarWidgetBundle.swift */,
				58B693EA2A3B59EE00FF904B /* CalendarWidgetLiveActivity.swift */,
				58B693EC2A3B59EE00FF904B /* CalendarWidget.swift */,
				58B693FB2A3B654A00FF904B /* MonthConfig.swift */,
				58B693EE2A3B59EE00FF904B /* CalendarWidget.intentdefinition */,
				58B693EF2A3B59EF00FF904B /* Assets.xcassets */,
				58B693F12A3B59EF00FF904B /* Info.plist */,
			);
			path = CalendarWidget;
			sourceTree = "<group>";
		};
		58D40ACF2CDF818B008C6458 /* Utilities */ = {
			isa = PBXGroup;
			children = (
				58D40AD62CDF9130008C6458 /* Calendar+Ext.swift */,
				58D40AD02CDF81A2008C6458 /* Date+Ext.swift */,
			);
			path = Utilities;
			sourceTree = "<group>";
		};
/* End PBXGroup section */

/* Begin PBXNativeTarget section */
		58B693CB2A3B56E800FF904B /* DontGoMart */ = {
			isa = PBXNativeTarget;
			buildConfigurationList = 58B693DA2A3B56E900FF904B /* Build configuration list for PBXNativeTarget "DontGoMart" */;
			buildPhases = (
				58B693C82A3B56E800FF904B /* Sources */,
				58B693C92A3B56E800FF904B /* Frameworks */,
				58B693CA2A3B56E800FF904B /* Resources */,
				58B693FA2A3B59EF00FF904B /* Embed Foundation Extensions */,
			);
			buildRules = (
			);
			dependencies = (
				58B693F52A3B59EF00FF904B /* PBXTargetDependency */,
			);
			name = DontGoMart;
			productName = DontGoMart;
			productReference = 58B693CC2A3B56E800FF904B /* DontGoMart.app */;
			productType = "com.apple.product-type.application";
		};
		58B693E02A3B59EE00FF904B /* CalendarWidgetExtension */ = {
			isa = PBXNativeTarget;
			buildConfigurationList = 58B693F72A3B59EF00FF904B /* Build configuration list for PBXNativeTarget "CalendarWidgetExtension" */;
			buildPhases = (
				58B693DD2A3B59EE00FF904B /* Sources */,
				58B693DE2A3B59EE00FF904B /* Frameworks */,
				58B693DF2A3B59EE00FF904B /* Resources */,
			);
			buildRules = (
			);
			dependencies = (
			);
			name = CalendarWidgetExtension;
			productName = CalendarWidgetExtension;
			productReference = 58B693E12A3B59EE00FF904B /* CalendarWidgetExtension.appex */;
			productType = "com.apple.product-type.app-extension";
		};
		C3C2F8ED2CEB4952003ED9A5 /* DontGoMartTests */ = {
			isa = PBXNativeTarget;
			buildConfigurationList = C3C2F8F42CEB4952003ED9A5 /* Build configuration list for PBXNativeTarget "DontGoMartTests" */;
			buildPhases = (
				C3C2F8EA2CEB4952003ED9A5 /* Sources */,
				C3C2F8EB2CEB4952003ED9A5 /* Frameworks */,
				C3C2F8EC2CEB4952003ED9A5 /* Resources */,
			);
			buildRules = (
			);
			dependencies = (
				C3C2F8F32CEB4952003ED9A5 /* PBXTargetDependency */,
			);
			fileSystemSynchronizedGroups = (
				C3C2F8EF2CEB4952003ED9A5 /* DontGoMartTests */,
			);
			name = DontGoMartTests;
			packageProductDependencies = (
			);
			productName = DontGoMartTests;
			productReference = C3C2F8EE2CEB4952003ED9A5 /* DontGoMartTests.xctest */;
			productType = "com.apple.product-type.bundle.unit-test";
		};
/* End PBXNativeTarget section */

/* Begin PBXProject section */
		58B693C42A3B56E800FF904B /* Project object */ = {
			isa = PBXProject;
			attributes = {
				BuildIndependentTargetsInParallel = 1;
				LastSwiftUpdateCheck = 1610;
				LastUpgradeCheck = 1610;
				TargetAttributes = {
					58B693CB2A3B56E800FF904B = {
						CreatedOnToolsVersion = 14.3;
					};
					58B693E02A3B59EE00FF904B = {
						CreatedOnToolsVersion = 14.3;
					};
					C3C2F8ED2CEB4952003ED9A5 = {
						CreatedOnToolsVersion = 16.1;
						TestTargetID = 58B693CB2A3B56E800FF904B;
					};
				};
			};
			buildConfigurationList = 58B693C72A3B56E800FF904B /* Build configuration list for PBXProject "DontGoMart" */;
			compatibilityVersion = "Xcode 14.0";
			developmentRegion = en;
			hasScannedForEncodings = 0;
			knownRegions = (
				en,
				Base,
			);
			mainGroup = 58B693C32A3B56E800FF904B;
			productRefGroup = 58B693CD2A3B56E800FF904B /* Products */;
			projectDirPath = "";
			projectRoot = "";
			targets = (
				58B693CB2A3B56E800FF904B /* DontGoMart */,
				58B693E02A3B59EE00FF904B /* CalendarWidgetExtension */,
				C3C2F8ED2CEB4952003ED9A5 /* DontGoMartTests */,
			);
		};
/* End PBXProject section */

/* Begin PBXResourcesBuildPhase section */
		58B693CA2A3B56E800FF904B /* Resources */ = {
			isa = PBXResourcesBuildPhase;
			buildActionMask = 2147483647;
			files = (
				58B693D72A3B56E900FF904B /* Preview Assets.xcassets in Resources */,
				589D5F472A433E8C00DB3CCF /* ProductList.plist in Resources */,
				58B693D42A3B56E900FF904B /* Assets.xcassets in Resources */,
			);
			runOnlyForDeploymentPostprocessing = 0;
		};
		58B693DF2A3B59EE00FF904B /* Resources */ = {
			isa = PBXResourcesBuildPhase;
			buildActionMask = 2147483647;
			files = (
				58B693F02A3B59EF00FF904B /* Assets.xcassets in Resources */,
			);
			runOnlyForDeploymentPostprocessing = 0;
		};
		C3C2F8EC2CEB4952003ED9A5 /* Resources */ = {
			isa = PBXResourcesBuildPhase;
			buildActionMask = 2147483647;
			files = (
			);
			runOnlyForDeploymentPostprocessing = 0;
		};
/* End PBXResourcesBuildPhase section */

/* Begin PBXSourcesBuildPhase section */
		58B693C82A3B56E800FF904B /* Sources */ = {
			isa = PBXSourcesBuildPhase;
			buildActionMask = 2147483647;
			files = (
				58D40AD72CDF9138008C6458 /* Calendar+Ext.swift in Sources */,
				589D5F492A433EFD00DB3CCF /* StoreKitManager.swift in Sources */,
				58B127DD2A3D3673004040EA /* ClosedDayCalendarView.swift in Sources */,
				58D40AD12CDF81A5008C6458 /* Date+Ext.swift in Sources */,
				58D40AD32CDF8E15008C6458 /* MartClosedData.swift in Sources */,
				58446A282A59493C001CC9D1 /* SettingsView.swift in Sources */,
				C3C2F8E82CEB18CE003ED9A5 /* MartModel.swift in Sources */,
				58B693D22A3B56E800FF904B /* ClosedDaysView.swift in Sources */,
				58B693F32A3B59EF00FF904B /* CalendarWidget.intentdefinition in Sources */,
				58B693D02A3B56E800FF904B /* DontGoMartApp.swift in Sources */,
				58D40AD52CDF8E68008C6458 /* DateValue.swift in Sources */,
			);
			runOnlyForDeploymentPostprocessing = 0;
		};
		58B693DD2A3B59EE00FF904B /* Sources */ = {
			isa = PBXSourcesBuildPhase;
			buildActionMask = 2147483647;
			files = (
				58B693FD2A3B66AB00FF904B /* MonthConfig.swift in Sources */,
				58D40ADA2CDF9C92008C6458 /* Calendar+Ext.swift in Sources */,
				58B693EB2A3B59EE00FF904B /* CalendarWidgetLiveActivity.swift in Sources */,
				58B693E92A3B59EE00FF904B /* CalendarWidgetBundle.swift in Sources */,
				C3C2F8E92CEB18CE003ED9A5 /* MartModel.swift in Sources */,
				58B693F22A3B59EF00FF904B /* CalendarWidget.intentdefinition in Sources */,
				58B693ED2A3B59EE00FF904B /* CalendarWidget.swift in Sources */,
			);
			runOnlyForDeploymentPostprocessing = 0;
		};
		C3C2F8EA2CEB4952003ED9A5 /* Sources */ = {
			isa = PBXSourcesBuildPhase;
			buildActionMask = 2147483647;
			files = (
			);
			runOnlyForDeploymentPostprocessing = 0;
		};
/* End PBXSourcesBuildPhase section */

/* Begin PBXTargetDependency section */
		58B693F52A3B59EF00FF904B /* PBXTargetDependency */ = {
			isa = PBXTargetDependency;
			target = 58B693E02A3B59EE00FF904B /* CalendarWidgetExtension */;
			targetProxy = 58B693F42A3B59EF00FF904B /* PBXContainerItemProxy */;
		};
		C3C2F8F32CEB4952003ED9A5 /* PBXTargetDependency */ = {
			isa = PBXTargetDependency;
			target = 58B693CB2A3B56E800FF904B /* DontGoMart */;
			targetProxy = C3C2F8F22CEB4952003ED9A5 /* PBXContainerItemProxy */;
		};
/* End PBXTargetDependency section */

/* Begin XCBuildConfiguration section */
		58B693D82A3B56E900FF904B /* Debug */ = {
			isa = XCBuildConfiguration;
			buildSettings = {
				ALWAYS_SEARCH_USER_PATHS = NO;
				CLANG_ANALYZER_NONNULL = YES;
				CLANG_ANALYZER_NUMBER_OBJECT_CONVERSION = YES_AGGRESSIVE;
				CLANG_CXX_LANGUAGE_STANDARD = "gnu++20";
				CLANG_ENABLE_MODULES = YES;
				CLANG_ENABLE_OBJC_ARC = YES;
				CLANG_ENABLE_OBJC_WEAK = YES;
				CLANG_WARN_BLOCK_CAPTURE_AUTORELEASING = YES;
				CLANG_WARN_BOOL_CONVERSION = YES;
				CLANG_WARN_COMMA = YES;
				CLANG_WARN_CONSTANT_CONVERSION = YES;
				CLANG_WARN_DEPRECATED_OBJC_IMPLEMENTATIONS = YES;
				CLANG_WARN_DIRECT_OBJC_ISA_USAGE = YES_ERROR;
				CLANG_WARN_DOCUMENTATION_COMMENTS = YES;
				CLANG_WARN_EMPTY_BODY = YES;
				CLANG_WARN_ENUM_CONVERSION = YES;
				CLANG_WARN_INFINITE_RECURSION = YES;
				CLANG_WARN_INT_CONVERSION = YES;
				CLANG_WARN_NON_LITERAL_NULL_CONVERSION = YES;
				CLANG_WARN_OBJC_IMPLICIT_RETAIN_SELF = YES;
				CLANG_WARN_OBJC_LITERAL_CONVERSION = YES;
				CLANG_WARN_OBJC_ROOT_CLASS = YES_ERROR;
				CLANG_WARN_QUOTED_INCLUDE_IN_FRAMEWORK_HEADER = YES;
				CLANG_WARN_RANGE_LOOP_ANALYSIS = YES;
				CLANG_WARN_STRICT_PROTOTYPES = YES;
				CLANG_WARN_SUSPICIOUS_MOVE = YES;
				CLANG_WARN_UNGUARDED_AVAILABILITY = YES_AGGRESSIVE;
				CLANG_WARN_UNREACHABLE_CODE = YES;
				CLANG_WARN__DUPLICATE_METHOD_MATCH = YES;
				COPY_PHASE_STRIP = NO;
				DEBUG_INFORMATION_FORMAT = dwarf;
				ENABLE_STRICT_OBJC_MSGSEND = YES;
				ENABLE_TESTABILITY = YES;
				ENABLE_USER_SCRIPT_SANDBOXING = YES;
				GCC_C_LANGUAGE_STANDARD = gnu11;
				GCC_DYNAMIC_NO_PIC = NO;
				GCC_NO_COMMON_BLOCKS = YES;
				GCC_OPTIMIZATION_LEVEL = 0;
				GCC_PREPROCESSOR_DEFINITIONS = (
					"DEBUG=1",
					"$(inherited)",
				);
				GCC_WARN_64_TO_32_BIT_CONVERSION = YES;
				GCC_WARN_ABOUT_RETURN_TYPE = YES_ERROR;
				GCC_WARN_UNDECLARED_SELECTOR = YES;
				GCC_WARN_UNINITIALIZED_AUTOS = YES_AGGRESSIVE;
				GCC_WARN_UNUSED_FUNCTION = YES;
				GCC_WARN_UNUSED_VARIABLE = YES;
				IPHONEOS_DEPLOYMENT_TARGET = 17.6;
				MTL_ENABLE_DEBUG_INFO = INCLUDE_SOURCE;
				MTL_FAST_MATH = YES;
				ONLY_ACTIVE_ARCH = YES;
				SDKROOT = iphoneos;
				SWIFT_ACTIVE_COMPILATION_CONDITIONS = DEBUG;
				SWIFT_OPTIMIZATION_LEVEL = "-Onone";
			};
			name = Debug;
		};
		58B693D92A3B56E900FF904B /* Release */ = {
			isa = XCBuildConfiguration;
			buildSettings = {
				ALWAYS_SEARCH_USER_PATHS = NO;
				CLANG_ANALYZER_NONNULL = YES;
				CLANG_ANALYZER_NUMBER_OBJECT_CONVERSION = YES_AGGRESSIVE;
				CLANG_CXX_LANGUAGE_STANDARD = "gnu++20";
				CLANG_ENABLE_MODULES = YES;
				CLANG_ENABLE_OBJC_ARC = YES;
				CLANG_ENABLE_OBJC_WEAK = YES;
				CLANG_WARN_BLOCK_CAPTURE_AUTORELEASING = YES;
				CLANG_WARN_BOOL_CONVERSION = YES;
				CLANG_WARN_COMMA = YES;
				CLANG_WARN_CONSTANT_CONVERSION = YES;
				CLANG_WARN_DEPRECATED_OBJC_IMPLEMENTATIONS = YES;
				CLANG_WARN_DIRECT_OBJC_ISA_USAGE = YES_ERROR;
				CLANG_WARN_DOCUMENTATION_COMMENTS = YES;
				CLANG_WARN_EMPTY_BODY = YES;
				CLANG_WARN_ENUM_CONVERSION = YES;
				CLANG_WARN_INFINITE_RECURSION = YES;
				CLANG_WARN_INT_CONVERSION = YES;
				CLANG_WARN_NON_LITERAL_NULL_CONVERSION = YES;
				CLANG_WARN_OBJC_IMPLICIT_RETAIN_SELF = YES;
				CLANG_WARN_OBJC_LITERAL_CONVERSION = YES;
				CLANG_WARN_OBJC_ROOT_CLASS = YES_ERROR;
				CLANG_WARN_QUOTED_INCLUDE_IN_FRAMEWORK_HEADER = YES;
				CLANG_WARN_RANGE_LOOP_ANALYSIS = YES;
				CLANG_WARN_STRICT_PROTOTYPES = YES;
				CLANG_WARN_SUSPICIOUS_MOVE = YES;
				CLANG_WARN_UNGUARDED_AVAILABILITY = YES_AGGRESSIVE;
				CLANG_WARN_UNREACHABLE_CODE = YES;
				CLANG_WARN__DUPLICATE_METHOD_MATCH = YES;
				COPY_PHASE_STRIP = NO;
				DEBUG_INFORMATION_FORMAT = "dwarf-with-dsym";
				ENABLE_NS_ASSERTIONS = NO;
				ENABLE_STRICT_OBJC_MSGSEND = YES;
				ENABLE_USER_SCRIPT_SANDBOXING = YES;
				GCC_C_LANGUAGE_STANDARD = gnu11;
				GCC_NO_COMMON_BLOCKS = YES;
				GCC_WARN_64_TO_32_BIT_CONVERSION = YES;
				GCC_WARN_ABOUT_RETURN_TYPE = YES_ERROR;
				GCC_WARN_UNDECLARED_SELECTOR = YES;
				GCC_WARN_UNINITIALIZED_AUTOS = YES_AGGRESSIVE;
				GCC_WARN_UNUSED_FUNCTION = YES;
				GCC_WARN_UNUSED_VARIABLE = YES;
				IPHONEOS_DEPLOYMENT_TARGET = 17.6;
				MTL_ENABLE_DEBUG_INFO = NO;
				MTL_FAST_MATH = YES;
				SDKROOT = iphoneos;
				SWIFT_COMPILATION_MODE = wholemodule;
				SWIFT_OPTIMIZATION_LEVEL = "-O";
				VALIDATE_PRODUCT = YES;
			};
			name = Release;
		};
		58B693DB2A3B56E900FF904B /* Debug */ = {
			isa = XCBuildConfiguration;
			buildSettings = {
				ASSETCATALOG_COMPILER_APPICON_NAME = AppIcon;
				ASSETCATALOG_COMPILER_GLOBAL_ACCENT_COLOR_NAME = AccentColor;
				CODE_SIGN_ENTITLEMENTS = DontGoMart/DontGoMart.entitlements;
				CODE_SIGN_STYLE = Automatic;
				CURRENT_PROJECT_VERSION = 1;
				DEVELOPMENT_ASSET_PATHS = "\"DontGoMart/Preview Content\"";
				DEVELOPMENT_TEAM = QGAQ3AY3R3;
				ENABLE_PREVIEWS = YES;
				ENABLE_TESTING_SEARCH_PATHS = YES;
				GENERATE_INFOPLIST_FILE = YES;
				INFOPLIST_KEY_CFBundleDisplayName = "돈꼬마트";
				INFOPLIST_KEY_LSApplicationCategoryType = "public.app-category.utilities";
				INFOPLIST_KEY_UIApplicationSceneManifest_Generation = YES;
				INFOPLIST_KEY_UIApplicationSupportsIndirectInputEvents = YES;
				INFOPLIST_KEY_UILaunchScreen_Generation = YES;
				INFOPLIST_KEY_UISupportedInterfaceOrientations_iPad = "UIInterfaceOrientationPortrait UIInterfaceOrientationPortraitUpsideDown UIInterfaceOrientationLandscapeLeft UIInterfaceOrientationLandscapeRight";
				INFOPLIST_KEY_UISupportedInterfaceOrientations_iPhone = "UIInterfaceOrientationPortrait UIInterfaceOrientationLandscapeLeft UIInterfaceOrientationLandscapeRight";
				IPHONEOS_DEPLOYMENT_TARGET = 17.6;
				LD_RUNPATH_SEARCH_PATHS = (
					"$(inherited)",
					"@executable_path/Frameworks",
				);
				MARKETING_VERSION = 1.0.8;
				PRODUCT_BUNDLE_IDENTIFIER = com.leeo.DontGoMart;
				PRODUCT_NAME = "$(TARGET_NAME)";
				SUPPORTED_PLATFORMS = "iphoneos iphonesimulator";
				SUPPORTS_MACCATALYST = NO;
				SUPPORTS_MAC_DESIGNED_FOR_IPHONE_IPAD = YES;
				SWIFT_EMIT_LOC_STRINGS = YES;
				SWIFT_VERSION = 5.0;
				TARGETED_DEVICE_FAMILY = 1;
			};
			name = Debug;
		};
		58B693DC2A3B56E900FF904B /* Release */ = {
			isa = XCBuildConfiguration;
			buildSettings = {
				ASSETCATALOG_COMPILER_APPICON_NAME = AppIcon;
				ASSETCATALOG_COMPILER_GLOBAL_ACCENT_COLOR_NAME = AccentColor;
				CODE_SIGN_ENTITLEMENTS = DontGoMart/DontGoMart.entitlements;
				CODE_SIGN_STYLE = Automatic;
				CURRENT_PROJECT_VERSION = 1;
				DEVELOPMENT_ASSET_PATHS = "\"DontGoMart/Preview Content\"";
				DEVELOPMENT_TEAM = QGAQ3AY3R3;
				ENABLE_PREVIEWS = YES;
				ENABLE_TESTING_SEARCH_PATHS = YES;
				GENERATE_INFOPLIST_FILE = YES;
				INFOPLIST_KEY_CFBundleDisplayName = "돈꼬마트";
				INFOPLIST_KEY_LSApplicationCategoryType = "public.app-category.utilities";
				INFOPLIST_KEY_UIApplicationSceneManifest_Generation = YES;
				INFOPLIST_KEY_UIApplicationSupportsIndirectInputEvents = YES;
				INFOPLIST_KEY_UILaunchScreen_Generation = YES;
				INFOPLIST_KEY_UISupportedInterfaceOrientations_iPad = "UIInterfaceOrientationPortrait UIInterfaceOrientationPortraitUpsideDown UIInterfaceOrientationLandscapeLeft UIInterfaceOrientationLandscapeRight";
				INFOPLIST_KEY_UISupportedInterfaceOrientations_iPhone = "UIInterfaceOrientationPortrait UIInterfaceOrientationLandscapeLeft UIInterfaceOrientationLandscapeRight";
				IPHONEOS_DEPLOYMENT_TARGET = 17.6;
				LD_RUNPATH_SEARCH_PATHS = (
					"$(inherited)",
					"@executable_path/Frameworks",
				);
				MARKETING_VERSION = 1.0.8;
				PRODUCT_BUNDLE_IDENTIFIER = com.leeo.DontGoMart;
				PRODUCT_NAME = "$(TARGET_NAME)";
				SUPPORTED_PLATFORMS = "iphoneos iphonesimulator";
				SUPPORTS_MACCATALYST = NO;
				SUPPORTS_MAC_DESIGNED_FOR_IPHONE_IPAD = YES;
				SWIFT_EMIT_LOC_STRINGS = YES;
				SWIFT_VERSION = 5.0;
				TARGETED_DEVICE_FAMILY = 1;
			};
			name = Release;
		};
		58B693F82A3B59EF00FF904B /* Debug */ = {
			isa = XCBuildConfiguration;
			buildSettings = {
				ASSETCATALOG_COMPILER_GLOBAL_ACCENT_COLOR_NAME = AccentColor;
				ASSETCATALOG_COMPILER_WIDGET_BACKGROUND_COLOR_NAME = WidgetBackground;
				CODE_SIGN_ENTITLEMENTS = CalendarWidgetExtension.entitlements;
				CODE_SIGN_STYLE = Automatic;
				CURRENT_PROJECT_VERSION = 1;
				DEVELOPMENT_TEAM = QGAQ3AY3R3;
				GENERATE_INFOPLIST_FILE = YES;
				INFOPLIST_FILE = CalendarWidget/Info.plist;
				INFOPLIST_KEY_CFBundleDisplayName = CalendarWidget;
				INFOPLIST_KEY_NSHumanReadableCopyright = "";
				IPHONEOS_DEPLOYMENT_TARGET = 17.6;
				LD_RUNPATH_SEARCH_PATHS = (
					"$(inherited)",
					"@executable_path/Frameworks",
					"@executable_path/../../Frameworks",
				);
				MARKETING_VERSION = 1.0.8;
				PRODUCT_BUNDLE_IDENTIFIER = com.leeo.DontGoMart.CalendarWidget;
				PRODUCT_NAME = "$(TARGET_NAME)";
				SKIP_INSTALL = YES;
				SWIFT_EMIT_LOC_STRINGS = YES;
				SWIFT_VERSION = 5.0;
				TARGETED_DEVICE_FAMILY = "1,2";
			};
			name = Debug;
		};
		58B693F92A3B59EF00FF904B /* Release */ = {
			isa = XCBuildConfiguration;
			buildSettings = {
				ASSETCATALOG_COMPILER_GLOBAL_ACCENT_COLOR_NAME = AccentColor;
				ASSETCATALOG_COMPILER_WIDGET_BACKGROUND_COLOR_NAME = WidgetBackground;
				CODE_SIGN_ENTITLEMENTS = CalendarWidgetExtension.entitlements;
				CODE_SIGN_STYLE = Automatic;
				CURRENT_PROJECT_VERSION = 1;
				DEVELOPMENT_TEAM = QGAQ3AY3R3;
				GENERATE_INFOPLIST_FILE = YES;
				INFOPLIST_FILE = CalendarWidget/Info.plist;
				INFOPLIST_KEY_CFBundleDisplayName = CalendarWidget;
				INFOPLIST_KEY_NSHumanReadableCopyright = "";
				IPHONEOS_DEPLOYMENT_TARGET = 17.6;
				LD_RUNPATH_SEARCH_PATHS = (
					"$(inherited)",
					"@executable_path/Frameworks",
					"@executable_path/../../Frameworks",
				);
				MARKETING_VERSION = 1.0.8;
				PRODUCT_BUNDLE_IDENTIFIER = com.leeo.DontGoMart.CalendarWidget;
				PRODUCT_NAME = "$(TARGET_NAME)";
				SKIP_INSTALL = YES;
				SWIFT_EMIT_LOC_STRINGS = YES;
				SWIFT_VERSION = 5.0;
				TARGETED_DEVICE_FAMILY = "1,2";
			};
			name = Release;
		};
		C3C2F8F52CEB4952003ED9A5 /* Debug */ = {
			isa = XCBuildConfiguration;
			buildSettings = {
				ASSETCATALOG_COMPILER_GENERATE_SWIFT_ASSET_SYMBOL_EXTENSIONS = YES;
				BUNDLE_LOADER = "$(TEST_HOST)";
				CODE_SIGN_STYLE = Automatic;
				CURRENT_PROJECT_VERSION = 1;
				GCC_C_LANGUAGE_STANDARD = gnu17;
				GENERATE_INFOPLIST_FILE = YES;
				IPHONEOS_DEPLOYMENT_TARGET = 17.6;
				LOCALIZATION_PREFERS_STRING_CATALOGS = YES;
				MARKETING_VERSION = 1.0;
				PRODUCT_BUNDLE_IDENTIFIER = hamsik22.DontGoMartTests;
				PRODUCT_NAME = "$(TARGET_NAME)";
				SWIFT_ACTIVE_COMPILATION_CONDITIONS = "DEBUG $(inherited)";
				SWIFT_EMIT_LOC_STRINGS = NO;
				SWIFT_VERSION = 5.0;
				TARGETED_DEVICE_FAMILY = "1,2";
				TEST_HOST = "$(BUILT_PRODUCTS_DIR)/DontGoMart.app/$(BUNDLE_EXECUTABLE_FOLDER_PATH)/DontGoMart";
			};
			name = Debug;
		};
		C3C2F8F62CEB4952003ED9A5 /* Release */ = {
			isa = XCBuildConfiguration;
			buildSettings = {
				ASSETCATALOG_COMPILER_GENERATE_SWIFT_ASSET_SYMBOL_EXTENSIONS = YES;
				BUNDLE_LOADER = "$(TEST_HOST)";
				CODE_SIGN_STYLE = Automatic;
				CURRENT_PROJECT_VERSION = 1;
				GCC_C_LANGUAGE_STANDARD = gnu17;
				GENERATE_INFOPLIST_FILE = YES;
				IPHONEOS_DEPLOYMENT_TARGET = 17.6;
				LOCALIZATION_PREFERS_STRING_CATALOGS = YES;
				MARKETING_VERSION = 1.0;
				PRODUCT_BUNDLE_IDENTIFIER = hamsik22.DontGoMartTests;
				PRODUCT_NAME = "$(TARGET_NAME)";
				SWIFT_EMIT_LOC_STRINGS = NO;
				SWIFT_VERSION = 5.0;
				TARGETED_DEVICE_FAMILY = "1,2";
				TEST_HOST = "$(BUILT_PRODUCTS_DIR)/DontGoMart.app/$(BUNDLE_EXECUTABLE_FOLDER_PATH)/DontGoMart";
			};
			name = Release;
		};
/* End XCBuildConfiguration section */

/* Begin XCConfigurationList section */
		58B693C72A3B56E800FF904B /* Build configuration list for PBXProject "DontGoMart" */ = {
			isa = XCConfigurationList;
			buildConfigurations = (
				58B693D82A3B56E900FF904B /* Debug */,
				58B693D92A3B56E900FF904B /* Release */,
			);
			defaultConfigurationIsVisible = 0;
			defaultConfigurationName = Release;
		};
		58B693DA2A3B56E900FF904B /* Build configuration list for PBXNativeTarget "DontGoMart" */ = {
			isa = XCConfigurationList;
			buildConfigurations = (
				58B693DB2A3B56E900FF904B /* Debug */,
				58B693DC2A3B56E900FF904B /* Release */,
			);
			defaultConfigurationIsVisible = 0;
			defaultConfigurationName = Release;
		};
		58B693F72A3B59EF00FF904B /* Build configuration list for PBXNativeTarget "CalendarWidgetExtension" */ = {
			isa = XCConfigurationList;
			buildConfigurations = (
				58B693F82A3B59EF00FF904B /* Debug */,
				58B693F92A3B59EF00FF904B /* Release */,
			);
			defaultConfigurationIsVisible = 0;
			defaultConfigurationName = Release;
		};
		C3C2F8F42CEB4952003ED9A5 /* Build configuration list for PBXNativeTarget "DontGoMartTests" */ = {
			isa = XCConfigurationList;
			buildConfigurations = (
				C3C2F8F52CEB4952003ED9A5 /* Debug */,
				C3C2F8F62CEB4952003ED9A5 /* Release */,
			);
			defaultConfigurationIsVisible = 0;
			defaultConfigurationName = Release;
		};
/* End XCConfigurationList section */
	};
	rootObject = 58B693C42A3B56E800FF904B /* Project object */;
}
